[root]
name = "ukhasnet-parser"
version = "0.2.4"
dependencies = [
 "nom 2.0.0 (registry+https://github.com/rust-lang/crates.io-index)",
 "rustc-serialize 0.3.18 (registry+https://github.com/rust-lang/crates.io-index)",
]

[[package]]
name = "nom"
version = "2.0.0"
source = "registry+https://github.com/rust-lang/crates.io-index"

[[package]]
name = "rustc-serialize"
version = "0.3.18"
source = "registry+https://github.com/rust-lang/crates.io-index"

[metadata]
"checksum nom 2.0.0 (registry+https://github.com/rust-lang/crates.io-index)" = "628d6ee18ab0ca1c1feb3331caa6ad2e53f6053b2505662b90d194889bbcd571"
"checksum rustc-serialize 0.3.18 (registry+https://github.com/rust-lang/crates.io-index)" = "9cf81518cd579f8a9c58c0a71328bdb9be15c754181261da82583092dc8a7ff0"
