[root]
name = "ukhasnet-parser"
version = "0.4.0"
dependencies = [
 "pest 0.4.1 (registry+https://github.com/rust-lang/crates.io-index)",
 "rustc-serialize 0.3.23 (registry+https://github.com/rust-lang/crates.io-index)",
]

[[package]]
name = "pest"
version = "0.4.1"
source = "registry+https://github.com/rust-lang/crates.io-index"

[[package]]
name = "rustc-serialize"
version = "0.3.23"
source = "registry+https://github.com/rust-lang/crates.io-index"

[metadata]
"checksum pest 0.4.1 (registry+https://github.com/rust-lang/crates.io-index)" = "3e2e823a5967bb4cdc6d3e46f47baaf4ecfeae44413a642b74ad44e59e49c7f6"
"checksum rustc-serialize 0.3.23 (registry+https://github.com/rust-lang/crates.io-index)" = "684ce48436d6465300c9ea783b6b14c4361d6b8dcbb1375b486a69cc19e2dfb0"
